
Microsoft Visual Studio Solution File, Format Version 12.00
# Visual Studio Version 16
VisualStudioVersion = 16.0.28606.126
MinimumVisualStudioVersion = 10.0.40219.1
Project("{2150E333-8FDC-42A3-9474-1A3956D46DE8}") = "Web", "Web", "{E54A6D87-F269-4A09-8A64-195C2DD016AE}"
EndProject
Project("{9A19103F-16F7-4668-BE54-9A1E7A4F7556}") = "Dalaran.Web.APIClient", "Dalaran.Web.APIClient\Dalaran.Web.APIClient.csproj", "{768BE295-FAA6-4589-98A0-CC98A00F8867}"
EndProject
Project("{2150E333-8FDC-42A3-9474-1A3956D46DE8}") = "Data", "Data", "{7537618F-1BFA-4E3B-BF93-207052815F56}"
EndProject
Project("{2150E333-8FDC-42A3-9474-1A3956D46DE8}") = "Services", "Services", "{04201313-81D7-445E-80A8-DCE70710E217}"
EndProject
Project("{2150E333-8FDC-42A3-9474-1A3956D46DE8}") = "Tests", "Tests", "{C5A2FA2A-B782-4A00-B720-CEEAC4A218B8}"
EndProject
Project("{9A19103F-16F7-4668-BE54-9A1E7A4F7556}") = "Dalaran.Services.Data", "Dalaran.Services.Data\Dalaran.Services.Data.csproj", "{59525424-5AC0-4F07-BF83-C44ADB9D9AC4}"
EndProject
Project("{9A19103F-16F7-4668-BE54-9A1E7A4F7556}") = "Dalaran.Data.Models", "Dalaran.Data.Models\Dalaran.Data.Models.csproj", "{8D9B7118-B863-4441-B5F1-3E693D0DB63F}"
EndProject
Project("{2150E333-8FDC-42A3-9474-1A3956D46DE8}") = "Web", "Web", "{5D52B653-0999-4B34-BE85-4AABC2DAF280}"
EndProject
Project("{9A19103F-16F7-4668-BE54-9A1E7A4F7556}") = "Dalaran.Data.Repositories", "Dalaran.Data.Repositories\Dalaran.Data.Repositories.csproj", "{583C3674-23C0-4E09-86FC-AB45EF08EA2B}"
EndProject
Project("{9A19103F-16F7-4668-BE54-9A1E7A4F7556}") = "Dalaran.Tests.Web.APIClientTest", "Dalaran.Tests.Web.APIClientTest\Dalaran.Tests.Web.APIClientTest.csproj", "{AFB71297-372C-4159-B85D-2A4F020509B3}"
EndProject
Project("{9A19103F-16F7-4668-BE54-9A1E7A4F7556}") = "Dalaran.Services.Authentication", "Dalaran.Services.Authentication\Dalaran.Services.Authentication.csproj", "{9082B60F-F7D4-43D8-B7B3-EA440D3A9799}"
EndProject
Project("{9A19103F-16F7-4668-BE54-9A1E7A4F7556}") = "Dalaran.Data.Mongo", "Dalaran.Data.Mongo\Dalaran.Data.Mongo.csproj", "{6BE8DE42-81F2-43D0-A0D1-D13784759AD1}"
EndProject
Project("{2150E333-8FDC-42A3-9474-1A3956D46DE8}") = "Core", "Core", "{6A328CCA-E3B9-440A-B751-40E729264732}"
EndProject
Project("{9A19103F-16F7-4668-BE54-9A1E7A4F7556}") = "Dalaran.Core.Domain", "Dalaran.Core.Domain\Dalaran.Core.Domain.csproj", "{1E0AF03C-A648-41F6-A697-89424C8B2D71}"
EndProject
Project("{2150E333-8FDC-42A3-9474-1A3956D46DE8}") = "Apis", "Apis", "{9FDED4F4-5590-48D3-BA24-B5432A7EE5DC}"
EndProject
Project("{FAE04EC0-301F-11D3-BF4B-00C04F79EFBC}") = "Dalaran.Core.Express", "Dalaran.Core.Express\Dalaran.Core.Express.csproj", "{2CBF3150-4297-4799-8870-3DC4D1261289}"
EndProject
Global
	GlobalSection(SolutionConfigurationPlatforms) = preSolution
		Debug|Any CPU = Debug|Any CPU
		Release|Any CPU = Release|Any CPU
	EndGlobalSection
	GlobalSection(ProjectConfigurationPlatforms) = postSolution
		{768BE295-FAA6-4589-98A0-CC98A00F8867}.Debug|Any CPU.ActiveCfg = Debug|Any CPU
		{768BE295-FAA6-4589-98A0-CC98A00F8867}.Debug|Any CPU.Build.0 = Debug|Any CPU
		{768BE295-FAA6-4589-98A0-CC98A00F8867}.Release|Any CPU.ActiveCfg = Release|Any CPU
		{768BE295-FAA6-4589-98A0-CC98A00F8867}.Release|Any CPU.Build.0 = Release|Any CPU
		{59525424-5AC0-4F07-BF83-C44ADB9D9AC4}.Debug|Any CPU.ActiveCfg = Debug|Any CPU
		{59525424-5AC0-4F07-BF83-C44ADB9D9AC4}.Debug|Any CPU.Build.0 = Debug|Any CPU
		{59525424-5AC0-4F07-BF83-C44ADB9D9AC4}.Release|Any CPU.ActiveCfg = Release|Any CPU
		{59525424-5AC0-4F07-BF83-C44ADB9D9AC4}.Release|Any CPU.Build.0 = Release|Any CPU
		{8D9B7118-B863-4441-B5F1-3E693D0DB63F}.Debug|Any CPU.ActiveCfg = Debug|Any CPU
		{8D9B7118-B863-4441-B5F1-3E693D0DB63F}.Debug|Any CPU.Build.0 = Debug|Any CPU
		{8D9B7118-B863-4441-B5F1-3E693D0DB63F}.Release|Any CPU.ActiveCfg = Release|Any CPU
		{8D9B7118-B863-4441-B5F1-3E693D0DB63F}.Release|Any CPU.Build.0 = Release|Any CPU
		{583C3674-23C0-4E09-86FC-AB45EF08EA2B}.Debug|Any CPU.ActiveCfg = Debug|Any CPU
		{583C3674-23C0-4E09-86FC-AB45EF08EA2B}.Debug|Any CPU.Build.0 = Debug|Any CPU
		{583C3674-23C0-4E09-86FC-AB45EF08EA2B}.Release|Any CPU.ActiveCfg = Release|Any CPU
		{583C3674-23C0-4E09-86FC-AB45EF08EA2B}.Release|Any CPU.Build.0 = Release|Any CPU
		{AFB71297-372C-4159-B85D-2A4F020509B3}.Debug|Any CPU.ActiveCfg = Debug|Any CPU
		{AFB71297-372C-4159-B85D-2A4F020509B3}.Debug|Any CPU.Build.0 = Debug|Any CPU
		{AFB71297-372C-4159-B85D-2A4F020509B3}.Release|Any CPU.ActiveCfg = Release|Any CPU
		{AFB71297-372C-4159-B85D-2A4F020509B3}.Release|Any CPU.Build.0 = Release|Any CPU
		{9082B60F-F7D4-43D8-B7B3-EA440D3A9799}.Debug|Any CPU.ActiveCfg = Debug|Any CPU
		{9082B60F-F7D4-43D8-B7B3-EA440D3A9799}.Debug|Any CPU.Build.0 = Debug|Any CPU
		{9082B60F-F7D4-43D8-B7B3-EA440D3A9799}.Release|Any CPU.ActiveCfg = Release|Any CPU
		{9082B60F-F7D4-43D8-B7B3-EA440D3A9799}.Release|Any CPU.Build.0 = Release|Any CPU
		{6BE8DE42-81F2-43D0-A0D1-D13784759AD1}.Debug|Any CPU.ActiveCfg = Debug|Any CPU
		{6BE8DE42-81F2-43D0-A0D1-D13784759AD1}.Debug|Any CPU.Build.0 = Debug|Any CPU
		{6BE8DE42-81F2-43D0-A0D1-D13784759AD1}.Release|Any CPU.ActiveCfg = Release|Any CPU
		{6BE8DE42-81F2-43D0-A0D1-D13784759AD1}.Release|Any CPU.Build.0 = Release|Any CPU
		{1E0AF03C-A648-41F6-A697-89424C8B2D71}.Debug|Any CPU.ActiveCfg = Debug|Any CPU
		{1E0AF03C-A648-41F6-A697-89424C8B2D71}.Debug|Any CPU.Build.0 = Debug|Any CPU
		{1E0AF03C-A648-41F6-A697-89424C8B2D71}.Release|Any CPU.ActiveCfg = Release|Any CPU
		{1E0AF03C-A648-41F6-A697-89424C8B2D71}.Release|Any CPU.Build.0 = Release|Any CPU
		{2CBF3150-4297-4799-8870-3DC4D1261289}.Debug|Any CPU.ActiveCfg = Debug|Any CPU
		{2CBF3150-4297-4799-8870-3DC4D1261289}.Debug|Any CPU.Build.0 = Debug|Any CPU
		{2CBF3150-4297-4799-8870-3DC4D1261289}.Release|Any CPU.ActiveCfg = Release|Any CPU
		{2CBF3150-4297-4799-8870-3DC4D1261289}.Release|Any CPU.Build.0 = Release|Any CPU
	EndGlobalSection
	GlobalSection(SolutionProperties) = preSolution
		HideSolutionNode = FALSE
	EndGlobalSection
	GlobalSection(NestedProjects) = preSolution
		{768BE295-FAA6-4589-98A0-CC98A00F8867} = {E54A6D87-F269-4A09-8A64-195C2DD016AE}
		{59525424-5AC0-4F07-BF83-C44ADB9D9AC4} = {04201313-81D7-445E-80A8-DCE70710E217}
		{8D9B7118-B863-4441-B5F1-3E693D0DB63F} = {7537618F-1BFA-4E3B-BF93-207052815F56}
		{5D52B653-0999-4B34-BE85-4AABC2DAF280} = {C5A2FA2A-B782-4A00-B720-CEEAC4A218B8}
		{583C3674-23C0-4E09-86FC-AB45EF08EA2B} = {7537618F-1BFA-4E3B-BF93-207052815F56}
		{AFB71297-372C-4159-B85D-2A4F020509B3} = {5D52B653-0999-4B34-BE85-4AABC2DAF280}
		{9082B60F-F7D4-43D8-B7B3-EA440D3A9799} = {04201313-81D7-445E-80A8-DCE70710E217}
		{6BE8DE42-81F2-43D0-A0D1-D13784759AD1} = {7537618F-1BFA-4E3B-BF93-207052815F56}
		{1E0AF03C-A648-41F6-A697-89424C8B2D71} = {6A328CCA-E3B9-440A-B751-40E729264732}
		{2CBF3150-4297-4799-8870-3DC4D1261289} = {9FDED4F4-5590-48D3-BA24-B5432A7EE5DC}
	EndGlobalSection
	GlobalSection(ExtensibilityGlobals) = postSolution
		SolutionGuid = {660C07D2-E02D-4EB5-883F-87B91BD8E6D8}
	EndGlobalSection
EndGlobal
